
Microsoft Visual Studio Solution File, Format Version 12.00
Project("{FAE04EC0-301F-11D3-BF4B-00C04F79EFBC}") = "zada4", "zada4\zada4.csproj", "{B79F0586-AEB8-4437-9A84-BDCF6258590F}"
EndProject
Global
	GlobalSection(SolutionConfigurationPlatforms) = preSolution
		Debug|Any CPU = Debug|Any CPU
		Release|Any CPU = Release|Any CPU
	EndGlobalSection
	GlobalSection(ProjectConfigurationPlatforms) = postSolution
		{B79F0586-AEB8-4437-9A84-BDCF6258590F}.Debug|Any CPU.ActiveCfg = Debug|Any CPU
		{B79F0586-AEB8-4437-9A84-BDCF6258590F}.Debug|Any CPU.Build.0 = Debug|Any CPU
		{B79F0586-AEB8-4437-9A84-BDCF6258590F}.Release|Any CPU.ActiveCfg = Release|Any CPU
		{B79F0586-AEB8-4437-9A84-BDCF6258590F}.Release|Any CPU.Build.0 = Release|Any CPU
	EndGlobalSection
EndGlobal
